
Microsoft Visual Studio Solution File, Format Version 12.00
Project("{FAE04EC0-301F-11D3-BF4B-00C04F79EFBC}") = "SimAntics", "SimAntics\SimAntics.csproj", "{6B758449-9D5A-456A-A733-31B7841E538A}"
EndProject
Project("{FAE04EC0-301F-11D3-BF4B-00C04F79EFBC}") = "SimAntics.Tests", "SimAntics.Tests\SimAntics.Tests.csproj", "{4B7461A4-982A-4D89-92E3-E4D4A3EC85FB}"
EndProject
Global
	GlobalSection(SolutionConfigurationPlatforms) = preSolution
		Debug|Any CPU = Debug|Any CPU
		Release|Any CPU = Release|Any CPU
	EndGlobalSection
	GlobalSection(ProjectConfigurationPlatforms) = postSolution
		{6B758449-9D5A-456A-A733-31B7841E538A}.Debug|Any CPU.ActiveCfg = Debug|Any CPU
		{6B758449-9D5A-456A-A733-31B7841E538A}.Debug|Any CPU.Build.0 = Debug|Any CPU
		{6B758449-9D5A-456A-A733-31B7841E538A}.Release|Any CPU.ActiveCfg = Release|Any CPU
		{6B758449-9D5A-456A-A733-31B7841E538A}.Release|Any CPU.Build.0 = Release|Any CPU
		{4B7461A4-982A-4D89-92E3-E4D4A3EC85FB}.Debug|Any CPU.ActiveCfg = Debug|Any CPU
		{4B7461A4-982A-4D89-92E3-E4D4A3EC85FB}.Debug|Any CPU.Build.0 = Debug|Any CPU
		{4B7461A4-982A-4D89-92E3-E4D4A3EC85FB}.Release|Any CPU.ActiveCfg = Release|Any CPU
		{4B7461A4-982A-4D89-92E3-E4D4A3EC85FB}.Release|Any CPU.Build.0 = Release|Any CPU
	EndGlobalSection
EndGlobal
